
Microsoft Visual Studio Solution File, Format Version 12.00
# Visual Studio 15
VisualStudioVersion = 15.0.28010.0
MinimumVisualStudioVersion = 10.0.40219.1
Project("{FAE04EC0-301F-11D3-BF4B-00C04F79EFBC}") = "YourNeighbor", "YourNeighbor\YourNeighbor.csproj", "{06C7B816-62D7-49CD-B320-8AC6FD746467}"
EndProject
Global
	GlobalSection(SolutionConfigurationPlatforms) = preSolution
		Debug|Any CPU = Debug|Any CPU
		Release|Any CPU = Release|Any CPU
	EndGlobalSection
	GlobalSection(ProjectConfigurationPlatforms) = postSolution
		{06C7B816-62D7-49CD-B320-8AC6FD746467}.Debug|Any CPU.ActiveCfg = Debug|Any CPU
		{06C7B816-62D7-49CD-B320-8AC6FD746467}.Debug|Any CPU.Build.0 = Debug|Any CPU
		{06C7B816-62D7-49CD-B320-8AC6FD746467}.Release|Any CPU.ActiveCfg = Release|Any CPU
		{06C7B816-62D7-49CD-B320-8AC6FD746467}.Release|Any CPU.Build.0 = Release|Any CPU
	EndGlobalSection
	GlobalSection(SolutionProperties) = preSolution
		HideSolutionNode = FALSE
	EndGlobalSection
	GlobalSection(ExtensibilityGlobals) = postSolution
		SolutionGuid = {10B49737-3061-4EED-AFB3-C060D0769D16}
	EndGlobalSection
EndGlobal
